
Microsoft Visual Studio Solution File, Format Version 12.00
# Visual Studio Version 17
VisualStudioVersion = 17.0.31903.59
MinimumVisualStudioVersion = 10.0.40219.1
Project("{FAE04EC0-301F-11D3-BF4B-00C04F79EFBC}") = "dn8mvc.web", "dn8mvc.web\dn8mvc.web.csproj", "{EB7E3145-A5B2-46EF-A11F-DC0B0386809C}"
EndProject
Global
	GlobalSection(SolutionConfigurationPlatforms) = preSolution
		Debug|Any CPU = Debug|Any CPU
		Release|Any CPU = Release|Any CPU
	EndGlobalSection
	GlobalSection(SolutionProperties) = preSolution
		HideSolutionNode = FALSE
	EndGlobalSection
	GlobalSection(ProjectConfigurationPlatforms) = postSolution
		{EB7E3145-A5B2-46EF-A11F-DC0B0386809C}.Debug|Any CPU.ActiveCfg = Debug|Any CPU
		{EB7E3145-A5B2-46EF-A11F-DC0B0386809C}.Debug|Any CPU.Build.0 = Debug|Any CPU
		{EB7E3145-A5B2-46EF-A11F-DC0B0386809C}.Release|Any CPU.ActiveCfg = Release|Any CPU
		{EB7E3145-A5B2-46EF-A11F-DC0B0386809C}.Release|Any CPU.Build.0 = Release|Any CPU
	EndGlobalSection
EndGlobal
